
Microsoft Visual Studio Solution File, Format Version 12.00
# Visual Studio Version 17
VisualStudioVersion = 17.14.37216.2 d17.14
MinimumVisualStudioVersion = 10.0.40219.1
Project("{FAE04EC0-301F-11D3-BF4B-00C04F79EFBC}") = "MyAcademyMediator", "MyAcademyMediator\MyAcademyMediator.csproj", "{AB6B5FD3-A384-4EA0-9A13-1EA173F9D7A7}"
EndProject
Global
	GlobalSection(SolutionConfigurationPlatforms) = preSolution
		Debug|Any CPU = Debug|Any CPU
		Release|Any CPU = Release|Any CPU
	EndGlobalSection
	GlobalSection(ProjectConfigurationPlatforms) = postSolution
		{AB6B5FD3-A384-4EA0-9A13-1EA173F9D7A7}.Debug|Any CPU.ActiveCfg = Debug|Any CPU
		{AB6B5FD3-A384-4EA0-9A13-1EA173F9D7A7}.Debug|Any CPU.Build.0 = Debug|Any CPU
		{AB6B5FD3-A384-4EA0-9A13-1EA173F9D7A7}.Release|Any CPU.ActiveCfg = Release|Any CPU
		{AB6B5FD3-A384-4EA0-9A13-1EA173F9D7A7}.Release|Any CPU.Build.0 = Release|Any CPU
	EndGlobalSection
	GlobalSection(SolutionProperties) = preSolution
		HideSolutionNode = FALSE
	EndGlobalSection
	GlobalSection(ExtensibilityGlobals) = postSolution
		SolutionGuid = {C221E8B5-567D-4A5D-8F92-8AEE370E9643}
	EndGlobalSection
EndGlobal
